{
  "version": 4,
  "terraform_version": "1.11.3",
  "serial": 27,
  "lineage": "34f91e92-e0b4-290c-5921-9fe89e93a2fb",
  "outputs": {
    "availability_zone": {
      "value": "eu-north-1b",
      "type": "string"
    },
    "eip_allocation_id": {
      "value": "eipalloc-068b5129cb99a6ce2",
      "type": "string"
    },
    "instance_arn": {
      "value": "arn:aws:ec2:eu-north-1:533267430975:instance/i-08a1def9d582eb702",
      "type": "string"
    },
    "instance_id": {
      "value": "i-08a1def9d582eb702",
      "type": "string"
    },
    "instance_private_ip": {
      "value": "172.31.46.118",
      "type": "string"
    },
    "instance_public_ip": {
      "value": "13.62.214.0",
      "type": "string"
    },
    "key_pair_name": {
      "value": "ragflow-gpu-keypair",
      "type": "string"
    },
    "security_group_id": {
      "value": "sg-05796a041091a31fa",
      "type": "string"
    }
  },
  "resources": [
    {
      "mode": "data",
      "type": "aws_ami",
      "name": "ubuntu_gpu",
      "provider": "provider[\"registry.terraform.io/hashicorp/aws\"]",
      "instances": [
        {
          "schema_version": 0,
          "attributes": {
            "allow_unsafe_filter": null,
            "architecture": "x86_64",
            "arn": "arn:aws:ec2:eu-north-1::image/ami-0323015fcbee6f991",
            "block_device_mappings": [
              {
                "device_name": "/dev/sda1",
                "ebs": {
                  "delete_on_termination": "true",
                  "encrypted": "false",
                  "iops": "3000",
                  "snapshot_id": "snap-0364f28dc43781eb0",
                  "throughput": "125",
                  "volume_initialization_rate": "0",
                  "volume_size": "45",
                  "volume_type": "gp3"
                },
                "no_device": "",
                "virtual_name": ""
              },
              {
                "device_name": "/dev/sdb",
                "ebs": {},
                "no_device": "",
                "virtual_name": "ephemeral0"
              },
              {
                "device_name": "/dev/sdc",
                "ebs": {},
                "no_device": "",
                "virtual_name": "ephemeral1"
              }
            ],
            "boot_mode": "uefi-preferred",
            "creation_date": "2025-10-09T01:58:18.000Z",
            "deprecation_time": "2027-10-09T01:58:18.000Z",
            "description": "Supported EC2 instances: G4dn, G5, G6, Gr6, G6e, P4d, P4de, P5, P5e, P5en, P6-B200. Release notes: https://aws.amazon.com/releasenotes/aws-deep-learning-base-gpu-ami-ubuntu-24-04/",
            "ena_support": true,
            "executable_users": null,
            "filter": [
              {
                "name": "image-id",
                "values": [
                  "ami-0323015fcbee6f991"
                ]
              }
            ],
            "hypervisor": "xen",
            "id": "ami-0323015fcbee6f991",
            "image_id": "ami-0323015fcbee6f991",
            "image_location": "amazon/Deep Learning Base OSS Nvidia Driver GPU AMI (Ubuntu 24.04) 20251007",
            "image_owner_alias": "amazon",
            "image_type": "machine",
            "imds_support": "v2.0",
            "include_deprecated": false,
            "kernel_id": "",
            "last_launched_time": "",
            "most_recent": false,
            "name": "Deep Learning Base OSS Nvidia Driver GPU AMI (Ubuntu 24.04) 20251007",
            "name_regex": null,
            "owner_id": "898082745236",
            "owners": [
              "amazon"
            ],
            "platform": "",
            "platform_details": "Linux/UNIX",
            "product_codes": [],
            "public": true,
            "ramdisk_id": "",
            "region": "eu-north-1",
            "root_device_name": "/dev/sda1",
            "root_device_type": "ebs",
            "root_snapshot_id": "snap-0364f28dc43781eb0",
            "sriov_net_support": "simple",
            "state": "available",
            "state_reason": {
              "code": "UNSET",
              "message": "UNSET"
            },
            "tags": {},
            "timeouts": null,
            "tpm_support": "",
            "uefi_data": null,
            "usage_operation": "RunInstances",
            "virtualization_type": "hvm"
          },
          "sensitive_attributes": []
        }
      ]
    },
    {
      "mode": "managed",
      "type": "aws_eip",
      "name": "ragflow_gpu_eip",
      "provider": "provider[\"registry.terraform.io/hashicorp/aws\"]",
      "instances": [
        {
          "schema_version": 0,
          "attributes": {
            "address": null,
            "allocation_id": "eipalloc-068b5129cb99a6ce2",
            "arn": "arn:aws:ec2:eu-north-1:533267430975:elastic-ip/eipalloc-068b5129cb99a6ce2",
            "associate_with_private_ip": null,
            "association_id": "",
            "carrier_ip": "",
            "customer_owned_ip": "",
            "customer_owned_ipv4_pool": "",
            "domain": "vpc",
            "id": "eipalloc-068b5129cb99a6ce2",
            "instance": "",
            "ipam_pool_id": null,
            "network_border_group": "eu-north-1",
            "network_interface": "",
            "private_dns": null,
            "private_ip": "",
            "ptr_record": "",
            "public_dns": "ec2-13-62-214-0.eu-north-1.compute.amazonaws.com",
            "public_ip": "13.62.214.0",
            "public_ipv4_pool": "amazon",
            "region": "eu-north-1",
            "tags": {
              "Environment": "development",
              "Name": "RagFlowGPUEIP",
              "project": "ragflow-gpu"
            },
            "tags_all": {
              "Environment": "development",
              "Name": "RagFlowGPUEIP",
              "project": "ragflow-gpu"
            },
            "timeouts": null
          },
          "sensitive_attributes": [],
          "private": "eyJlMmJmYjczMC1lY2FhLTExZTYtOGY4OC0zNDM2M2JjN2M0YzAiOnsiZGVsZXRlIjoxODAwMDAwMDAwMDAsInJlYWQiOjkwMDAwMDAwMDAwMCwidXBkYXRlIjozMDAwMDAwMDAwMDB9fQ=="
        }
      ]
    },
    {
      "mode": "managed",
      "type": "aws_eip_association",
      "name": "eip_assoc",
      "provider": "provider[\"registry.terraform.io/hashicorp/aws\"]",
      "instances": [
        {
          "schema_version": 0,
          "attributes": {
            "allocation_id": "eipalloc-068b5129cb99a6ce2",
            "allow_reassociation": null,
            "id": "eipassoc-0f9af65a63f56d931",
            "instance_id": "i-08a1def9d582eb702",
            "network_interface_id": "eni-0c79581c6d6c1b250",
            "private_ip_address": "172.31.46.118",
            "public_ip": "13.62.214.0",
            "region": "eu-north-1"
          },
          "sensitive_attributes": [],
          "private": "bnVsbA==",
          "dependencies": [
            "aws_eip.ragflow_gpu_eip",
            "aws_iam_instance_profile.ragflow_gpu_profile",
            "aws_iam_role.ragflow_gpu_role",
            "aws_instance.ragflow_gpu_instance",
            "aws_key_pair.ragflow_gpu_keypair",
            "aws_security_group.ragflow_gpu_sg",
            "data.aws_ami.ubuntu_gpu"
          ]
        }
      ]
    },
    {
      "mode": "managed",
      "type": "aws_iam_instance_profile",
      "name": "ragflow_gpu_profile",
      "provider": "provider[\"registry.terraform.io/hashicorp/aws\"]",
      "instances": [
        {
          "schema_version": 0,
          "attributes": {
            "arn": "arn:aws:iam::533267430975:instance-profile/RagFlowGPUProfile",
            "create_date": "2025-11-18T19:00:05Z",
            "id": "RagFlowGPUProfile",
            "name": "RagFlowGPUProfile",
            "name_prefix": "",
            "path": "/",
            "role": "RagFlowGPURole",
            "tags": {
              "Environment": "development",
              "Name": "RagFlowGPUProfile",
              "project": "ragflow-gpu"
            },
            "tags_all": {
              "Environment": "development",
              "Name": "RagFlowGPUProfile",
              "project": "ragflow-gpu"
            },
            "unique_id": "AIPAXYKJXHY76USM56KIA"
          },
          "sensitive_attributes": [],
          "private": "bnVsbA==",
          "dependencies": [
            "aws_iam_role.ragflow_gpu_role"
          ]
        }
      ]
    },
    {
      "mode": "managed",
      "type": "aws_iam_role",
      "name": "ragflow_gpu_role",
      "provider": "provider[\"registry.terraform.io/hashicorp/aws\"]",
      "instances": [
        {
          "schema_version": 0,
          "attributes": {
            "arn": "arn:aws:iam::533267430975:role/RagFlowGPURole",
            "assume_role_policy": "{\"Statement\":[{\"Action\":\"sts:AssumeRole\",\"Effect\":\"Allow\",\"Principal\":{\"Service\":\"ec2.amazonaws.com\"}}],\"Version\":\"2012-10-17\"}",
            "create_date": "2025-11-18T19:00:04Z",
            "description": "",
            "force_detach_policies": false,
            "id": "RagFlowGPURole",
            "inline_policy": [],
            "managed_policy_arns": [],
            "max_session_duration": 3600,
            "name": "RagFlowGPURole",
            "name_prefix": "",
            "path": "/",
            "permissions_boundary": "",
            "tags": {
              "Environment": "development",
              "Name": "RagFlowGPURole",
              "project": "ragflow-gpu"
            },
            "tags_all": {
              "Environment": "development",
              "Name": "RagFlowGPURole",
              "project": "ragflow-gpu"
            },
            "unique_id": "AROAXYKJXHY743XYCLBXU"
          },
          "sensitive_attributes": [],
          "private": "bnVsbA=="
        }
      ]
    },
    {
      "mode": "managed",
      "type": "aws_instance",
      "name": "ragflow_gpu_instance",
      "provider": "provider[\"registry.terraform.io/hashicorp/aws\"]",
      "instances": [
        {
          "schema_version": 2,
          "attributes": {
            "ami": "ami-0323015fcbee6f991",
            "arn": "arn:aws:ec2:eu-north-1:533267430975:instance/i-08a1def9d582eb702",
            "associate_public_ip_address": true,
            "availability_zone": "eu-north-1b",
            "capacity_reservation_specification": [
              {
                "capacity_reservation_preference": "open",
                "capacity_reservation_target": []
              }
            ],
            "cpu_options": [
              {
                "amd_sev_snp": "",
                "core_count": 2,
                "threads_per_core": 2
              }
            ],
            "credit_specification": [],
            "disable_api_stop": false,
            "disable_api_termination": false,
            "ebs_block_device": [],
            "ebs_optimized": false,
            "enable_primary_ipv6": null,
            "enclave_options": [
              {
                "enabled": false
              }
            ],
            "ephemeral_block_device": [],
            "force_destroy": false,
            "get_password_data": false,
            "hibernation": false,
            "host_id": "",
            "host_resource_group_arn": null,
            "iam_instance_profile": "RagFlowGPUProfile",
            "id": "i-08a1def9d582eb702",
            "instance_initiated_shutdown_behavior": "stop",
            "instance_lifecycle": "",
            "instance_market_options": [],
            "instance_state": "running",
            "instance_type": "g4dn.xlarge",
            "ipv6_address_count": 0,
            "ipv6_addresses": [],
            "key_name": "ragflow-gpu-keypair",
            "launch_template": [],
            "maintenance_options": [
              {
                "auto_recovery": "default"
              }
            ],
            "metadata_options": [
              {
                "http_endpoint": "enabled",
                "http_protocol_ipv6": "disabled",
                "http_put_response_hop_limit": 2,
                "http_tokens": "required",
                "instance_metadata_tags": "disabled"
              }
            ],
            "monitoring": false,
            "network_interface": [],
            "outpost_arn": "",
            "password_data": "",
            "placement_group": "",
            "placement_group_id": "",
            "placement_partition_number": 0,
            "primary_network_interface": [
              {
                "delete_on_termination": true,
                "network_interface_id": "eni-0c79581c6d6c1b250"
              }
            ],
            "primary_network_interface_id": "eni-0c79581c6d6c1b250",
            "private_dns": "ip-172-31-46-118.eu-north-1.compute.internal",
            "private_dns_name_options": [
              {
                "enable_resource_name_dns_a_record": false,
                "enable_resource_name_dns_aaaa_record": false,
                "hostname_type": "ip-name"
              }
            ],
            "private_ip": "172.31.46.118",
            "public_dns": "ec2-51-21-195-176.eu-north-1.compute.amazonaws.com",
            "public_ip": "51.21.195.176",
            "region": "eu-north-1",
            "root_block_device": [
              {
                "delete_on_termination": true,
                "device_name": "/dev/sda1",
                "encrypted": true,
                "iops": 3000,
                "kms_key_id": "arn:aws:kms:eu-north-1:533267430975:key/22b29b5a-4c23-4677-9bd2-2e8311a70ab3",
                "tags": null,
                "tags_all": {},
                "throughput": 125,
                "volume_id": "vol-05e803bda992bd47d",
                "volume_size": 100,
                "volume_type": "gp3"
              }
            ],
            "secondary_private_ips": [],
            "security_groups": [
              "RagFlowGPUSecurityGroup"
            ],
            "source_dest_check": true,
            "spot_instance_request_id": "",
            "subnet_id": "subnet-0540ee3a74419d127",
            "tags": {
              "Environment": "development",
              "Name": "EC2-RagFlow-GPU",
              "project": "ragflow-gpu"
            },
            "tags_all": {
              "Environment": "development",
              "Name": "EC2-RagFlow-GPU",
              "project": "ragflow-gpu"
            },
            "tenancy": "default",
            "timeouts": null,
            "user_data": "#!/bin/bash\nset -e\n\n# Update system packages\napt update -y\napt upgrade -y\napt install -y docker.io git\n\n# make a nice prompt for ubuntu user, append these commands to the ubuntu's ~/.bashrc file\nUBUNTU_USER_HOME=\"/home/ubuntu\"\necho \"PROMPT_COMMAND=''\" \u003e\u003e $UBUNTU_USER_HOME/.bashrc\necho \"export PS1=\\\"\\n\\[\\033[1;32m\\]\\u@\\h\\[\\033[0m\\]:\\[\\033[1;34m\\]\\w\\[\\033[0m\\]\\$ \\\"\" \u003e\u003e $UBUNTU_USER_HOME/.bashrc\necho \"alias ls='ls --color=auto'\" \u003e\u003e $UBUNTU_USER_HOME/.bashrc\necho \"alias grep='grep --color=auto'\" \u003e\u003e $UBUNTU_USER_HOME/.bashrc\n# Make sure the ubuntu user owns these changes\nchown ubuntu:ubuntu $UBUNTU_USER_HOME/.bashrc\n\n# Install Docker\nsystemctl enable docker\nsystemctl start docker\n\n# Add ubuntu user to docker group\nusermod -aG docker ubuntu\n\n# Install Docker Compose v2\nDOCKER_CONFIG=${DOCKER_CONFIG:-$HOME/.docker}\nmkdir -p $DOCKER_CONFIG/cli-plugins\ncurl -SL https://github.com/docker/compose/releases/latest/download/docker-compose-linux-x86_64 -o $DOCKER_CONFIG/cli-plugins/docker-compose\nchmod +x $DOCKER_CONFIG/cli-plugins/docker-compose\n\n# Configure Docker daemon with production settings\ncat \u003e /etc/docker/daemon.json \u003c\u003cEOF\n{\n  \"log-driver\": \"json-file\",\n  \"log-opts\": {\n    \"max-size\": \"10m\",\n    \"max-file\": \"3\"\n  },\n  \"userns-remap\": \"default\"\n}\nEOF\n\nsystemctl restart docker",
            "user_data_base64": null,
            "user_data_replace_on_change": false,
            "volume_tags": null,
            "vpc_security_group_ids": [
              "sg-05796a041091a31fa"
            ]
          },
          "sensitive_attributes": [],
          "private": "eyJlMmJmYjczMC1lY2FhLTExZTYtOGY4OC0zNDM2M2JjN2M0YzAiOnsiY3JlYXRlIjo2MDAwMDAwMDAwMDAsImRlbGV0ZSI6MTIwMDAwMDAwMDAwMCwicmVhZCI6OTAwMDAwMDAwMDAwLCJ1cGRhdGUiOjYwMDAwMDAwMDAwMH0sInNjaGVtYV92ZXJzaW9uIjoiMiJ9",
          "dependencies": [
            "aws_iam_instance_profile.ragflow_gpu_profile",
            "aws_iam_role.ragflow_gpu_role",
            "aws_key_pair.ragflow_gpu_keypair",
            "aws_security_group.ragflow_gpu_sg",
            "data.aws_ami.ubuntu_gpu"
          ]
        }
      ]
    },
    {
      "mode": "managed",
      "type": "aws_key_pair",
      "name": "ragflow_gpu_keypair",
      "provider": "provider[\"registry.terraform.io/hashicorp/aws\"]",
      "instances": [
        {
          "schema_version": 1,
          "attributes": {
            "arn": "arn:aws:ec2:eu-north-1:533267430975:key-pair/ragflow-gpu-keypair",
            "fingerprint": "72:d2:07:83:4f:4f:ec:4a:09:c4:02:e3:c5:e7:e9:3e",
            "id": "ragflow-gpu-keypair",
            "key_name": "ragflow-gpu-keypair",
            "key_name_prefix": "",
            "key_pair_id": "key-06eb02d6481c4e6e1",
            "key_type": "rsa",
            "public_key": "ssh-rsa AAAAB3NzaC1yc2EAAAADAQABAAACAQCq3WhgeLfQ/UDjQkdCPYmUa8cPzzbQukM4r9FNG1dQmaDcycHjIkzkZZcLR7+fBRh2hvwrNbpoeP4uhc6KeEOX9DtWY7Sto/gS4YjbyiMq+e5LkX7YnW8qLRDzkQMmd90WHumErQU0BhZSKBUxeT91fMuVabLf9SV/7J+xyc3Ru5jRgVYqOE/MwnmXCNxLOeBJGVAj6tuAgA4h2ZTIPRMR4FuFeqWh3paUWjmZakjPGg+O+O4Sl5nuSx4nF5p8Mo6aQTncfZm2ATCY19HV8ChlyWdox7b77ZNdPXsbL6NgdDst0adwSvLzIO+gMN00s5J3/WgE4AcVkvkkTWIHr/eaa7gIC0GElq/2DdFwwmIkFWuTFHUId7jit31H7cuWhPZNlTCGpYMGEIXJdRy95sSeF9YyjlaXFFdS58iC01/4bsfnRXLYyR+jMd8s+is0xJJL30L4/5xApdKRZCg9yq9rP67vSVuYp2H801+Frvu73PFwhvD4XzFEDfP08F8nTJwIwMTTe1l0cKxG39GlZYJh5obalvqAl66oSBxNWVMC4AXkH7LZUVqVrjacahY32uYfrD5cuyndaeZrBlruYNn2aam/DVdOR5c7tgbluSM8ygC2Ru/WXi6KVFCChBz/FcKICH6KiNoSE52Vm6syNG6xeqLXMyKm4s6y1kygTrgzcw== aupeksha@Upeksha.fritz.box",
            "region": "eu-north-1",
            "tags": null,
            "tags_all": {}
          },
          "sensitive_attributes": [],
          "private": "eyJzY2hlbWFfdmVyc2lvbiI6IjEifQ=="
        }
      ]
    },
    {
      "mode": "managed",
      "type": "aws_security_group",
      "name": "ragflow_gpu_sg",
      "provider": "provider[\"registry.terraform.io/hashicorp/aws\"]",
      "instances": [
        {
          "schema_version": 1,
          "attributes": {
            "arn": "arn:aws:ec2:eu-north-1:533267430975:security-group/sg-05796a041091a31fa",
            "description": "Security group for RagFlow GPU deployment",
            "egress": [
              {
                "cidr_blocks": [
                  "0.0.0.0/0"
                ],
                "description": "Allow all outbound traffic",
                "from_port": 0,
                "ipv6_cidr_blocks": [],
                "prefix_list_ids": [],
                "protocol": "-1",
                "security_groups": [],
                "self": false,
                "to_port": 0
              }
            ],
            "id": "sg-05796a041091a31fa",
            "ingress": [
              {
                "cidr_blocks": [
                  "0.0.0.0/0"
                ],
                "description": "HTTP access",
                "from_port": 80,
                "ipv6_cidr_blocks": [],
                "prefix_list_ids": [],
                "protocol": "tcp",
                "security_groups": [],
                "self": false,
                "to_port": 80
              },
              {
                "cidr_blocks": [
                  "0.0.0.0/0"
                ],
                "description": "HTTPS access",
                "from_port": 443,
                "ipv6_cidr_blocks": [],
                "prefix_list_ids": [],
                "protocol": "tcp",
                "security_groups": [],
                "self": false,
                "to_port": 443
              },
              {
                "cidr_blocks": [
                  "0.0.0.0/0"
                ],
                "description": "Ollama API access",
                "from_port": 11434,
                "ipv6_cidr_blocks": [],
                "prefix_list_ids": [],
                "protocol": "tcp",
                "security_groups": [],
                "self": false,
                "to_port": 11434
              },
              {
                "cidr_blocks": [
                  "0.0.0.0/0"
                ],
                "description": "SSH access",
                "from_port": 22,
                "ipv6_cidr_blocks": [],
                "prefix_list_ids": [],
                "protocol": "tcp",
                "security_groups": [],
                "self": false,
                "to_port": 22
              }
            ],
            "name": "RagFlowGPUSecurityGroup",
            "name_prefix": "",
            "owner_id": "533267430975",
            "region": "eu-north-1",
            "revoke_rules_on_delete": false,
            "tags": {
              "Environment": "development",
              "Name": "RagFlowGPUSecurityGroup",
              "project": "ragflow-gpu"
            },
            "tags_all": {
              "Environment": "development",
              "Name": "RagFlowGPUSecurityGroup",
              "project": "ragflow-gpu"
            },
            "timeouts": null,
            "vpc_id": "vpc-01d07f87f29f251dc"
          },
          "sensitive_attributes": [],
          "private": "eyJlMmJmYjczMC1lY2FhLTExZTYtOGY4OC0zNDM2M2JjN2M0YzAiOnsiY3JlYXRlIjo2MDAwMDAwMDAwMDAsImRlbGV0ZSI6OTAwMDAwMDAwMDAwfSwic2NoZW1hX3ZlcnNpb24iOiIxIn0="
        }
      ]
    }
  ],
  "check_results": null
}
